
Microsoft Visual Studio Solution File, Format Version 12.00
# Visual Studio Version 17
VisualStudioVersion = 17.8.34309.116
MinimumVisualStudioVersion = 10.0.40219.1
Project("{FAE04EC0-301F-11D3-BF4B-00C04F79EFBC}") = "Connector", "src\Connector\Connector.csproj", "{3C6BA885-2BE1-4D0A-9E2B-4F9F95F7C3B4}"
EndProject
Project("{FAE04EC0-301F-11D3-BF4B-00C04F79EFBC}") = "TrayApp", "src\TrayApp\TrayApp.csproj", "{2E9E2B63-77B6-4D1B-9E3C-4E2A2C8C4F8B}"
EndProject
Global
	GlobalSection(SolutionConfigurationPlatforms) = preSolution
		Debug|Any CPU = Debug|Any CPU
		Release|Any CPU = Release|Any CPU
	EndGlobalSection
	GlobalSection(ProjectConfigurationPlatforms) = postSolution
		{3C6BA885-2BE1-4D0A-9E2B-4F9F95F7C3B4}.Debug|Any CPU.ActiveCfg = Debug|Any CPU
		{3C6BA885-2BE1-4D0A-9E2B-4F9F95F7C3B4}.Debug|Any CPU.Build.0 = Debug|Any CPU
		{3C6BA885-2BE1-4D0A-9E2B-4F9F95F7C3B4}.Release|Any CPU.ActiveCfg = Release|Any CPU
		{3C6BA885-2BE1-4D0A-9E2B-4F9F95F7C3B4}.Release|Any CPU.Build.0 = Release|Any CPU
		{2E9E2B63-77B6-4D1B-9E3C-4E2A2C8C4F8B}.Debug|Any CPU.ActiveCfg = Debug|Any CPU
		{2E9E2B63-77B6-4D1B-9E3C-4E2A2C8C4F8B}.Debug|Any CPU.Build.0 = Debug|Any CPU
		{2E9E2B63-77B6-4D1B-9E3C-4E2A2C8C4F8B}.Release|Any CPU.ActiveCfg = Release|Any CPU
		{2E9E2B63-77B6-4D1B-9E3C-4E2A2C8C4F8B}.Release|Any CPU.Build.0 = Release|Any CPU
	EndGlobalSection
EndGlobal
